
Microsoft Visual Studio Solution File, Format Version 12.00
# Visual Studio Version 16
VisualStudioVersion = 16.0.32106.194
MinimumVisualStudioVersion = 10.0.40219.1
Project("{FAE04EC0-301F-11D3-BF4B-00C04F79EFBC}") = "Task", "Task\Task.csproj", "{D69EA2CA-D715-4AFD-91DB-9B1863EFF145}"
EndProject
Global
	GlobalSection(SolutionConfigurationPlatforms) = preSolution
		Debug|Any CPU = Debug|Any CPU
		Release|Any CPU = Release|Any CPU
	EndGlobalSection
	GlobalSection(ProjectConfigurationPlatforms) = postSolution
		{D69EA2CA-D715-4AFD-91DB-9B1863EFF145}.Debug|Any CPU.ActiveCfg = Debug|Any CPU
		{D69EA2CA-D715-4AFD-91DB-9B1863EFF145}.Debug|Any CPU.Build.0 = Debug|Any CPU
		{D69EA2CA-D715-4AFD-91DB-9B1863EFF145}.Release|Any CPU.ActiveCfg = Release|Any CPU
		{D69EA2CA-D715-4AFD-91DB-9B1863EFF145}.Release|Any CPU.Build.0 = Release|Any CPU
	EndGlobalSection
	GlobalSection(SolutionProperties) = preSolution
		HideSolutionNode = FALSE
	EndGlobalSection
	GlobalSection(ExtensibilityGlobals) = postSolution
		SolutionGuid = {4832B5B3-54BF-4582-92C9-8B78755A6B66}
	EndGlobalSection
EndGlobal
